
Microsoft Visual Studio Solution File, Format Version 12.00
# Visual Studio Version 17
VisualStudioVersion = 17.7.34031.279
MinimumVisualStudioVersion = 10.0.40219.1
Project("{FAE04EC0-301F-11D3-BF4B-00C04F79EFBC}") = "lab8", "lab8\lab8.csproj", "{3EDFBAF8-CAC5-4E45-BB4E-C48BDA04E4ED}"
EndProject
Global
	GlobalSection(SolutionConfigurationPlatforms) = preSolution
		Debug|Any CPU = Debug|Any CPU
		Release|Any CPU = Release|Any CPU
	EndGlobalSection
	GlobalSection(ProjectConfigurationPlatforms) = postSolution
		{3EDFBAF8-CAC5-4E45-BB4E-C48BDA04E4ED}.Debug|Any CPU.ActiveCfg = Debug|Any CPU
		{3EDFBAF8-CAC5-4E45-BB4E-C48BDA04E4ED}.Debug|Any CPU.Build.0 = Debug|Any CPU
		{3EDFBAF8-CAC5-4E45-BB4E-C48BDA04E4ED}.Release|Any CPU.ActiveCfg = Release|Any CPU
		{3EDFBAF8-CAC5-4E45-BB4E-C48BDA04E4ED}.Release|Any CPU.Build.0 = Release|Any CPU
	EndGlobalSection
	GlobalSection(SolutionProperties) = preSolution
		HideSolutionNode = FALSE
	EndGlobalSection
	GlobalSection(ExtensibilityGlobals) = postSolution
		SolutionGuid = {CD9F4244-C755-46F8-AFA8-4AB084C112A3}
	EndGlobalSection
EndGlobal
